// !$*UTF8*$!
{
	archiveVersion = 1;
	classes = {
	};
	objectVersion = 51;
	objects = {

/* Begin PBXBuildFile section */
		0E21FB8ACDCF7BBDCE6C05D9 /* Pods_RoverClient.framework in Frameworks */ = {isa = PBXBuildFile; fileRef = EE44019A80912657DE2C4B5B /* Pods_RoverClient.framework */; };
		DB1B217822EBD8AF0027223D /* LoginVC.swift in Sources */ = {isa = PBXBuildFile; fileRef = DB1B217722EBD8AF0027223D /* LoginVC.swift */; };
		DB1B218122EBDC030027223D /* DefaultButton.swift in Sources */ = {isa = PBXBuildFile; fileRef = DB1B218022EBDC030027223D /* DefaultButton.swift */; };
		DB1B218322EBDF030027223D /* Constant.swift in Sources */ = {isa = PBXBuildFile; fileRef = DB1B218222EBDF030027223D /* Constant.swift */; };
		DB1B218922EC688F0027223D /* Alert.swift in Sources */ = {isa = PBXBuildFile; fileRef = DB1B218622EC688F0027223D /* Alert.swift */; };
		DB1B219022EC68C60027223D /* AppExtension.swift in Sources */ = {isa = PBXBuildFile; fileRef = DB1B218C22EC68C60027223D /* AppExtension.swift */; };
		DB1B219122EC68C60027223D /* ExUIColor.swift in Sources */ = {isa = PBXBuildFile; fileRef = DB1B218D22EC68C60027223D /* ExUIColor.swift */; };
		DB1B219222EC68C60027223D /* ExUIImage.swift in Sources */ = {isa = PBXBuildFile; fileRef = DB1B218E22EC68C60027223D /* ExUIImage.swift */; };
		DB1B219322EC68C60027223D /* ExUIViewController.swift in Sources */ = {isa = PBXBuildFile; fileRef = DB1B218F22EC68C60027223D /* ExUIViewController.swift */; };
		DB1B219522EC68F50027223D /* Helper.swift in Sources */ = {isa = PBXBuildFile; fileRef = DB1B219422EC68F50027223D /* Helper.swift */; };
		DB1B219722EC93250027223D /* HeaderView.swift in Sources */ = {isa = PBXBuildFile; fileRef = DB1B219622EC93250027223D /* HeaderView.swift */; };
		DB1B219922ECA1E60027223D /* DeviceSize.swift in Sources */ = {isa = PBXBuildFile; fileRef = DB1B219822ECA1E60027223D /* DeviceSize.swift */; };
		DBC317FE22E9EC41000AAC8D /* AppDelegate.swift in Sources */ = {isa = PBXBuildFile; fileRef = DBC317FD22E9EC41000AAC8D /* AppDelegate.swift */; };
		DBC3180022E9EC41000AAC8D /* ShellVC.swift in Sources */ = {isa = PBXBuildFile; fileRef = DBC317FF22E9EC41000AAC8D /* ShellVC.swift */; };
		DBC3180522E9EC42000AAC8D /* Assets.xcassets in Resources */ = {isa = PBXBuildFile; fileRef = DBC3180422E9EC42000AAC8D /* Assets.xcassets */; };
		DBC3180822E9EC42000AAC8D /* LaunchScreen.storyboard in Resources */ = {isa = PBXBuildFile; fileRef = DBC3180622E9EC42000AAC8D /* LaunchScreen.storyboard */; };
/* End PBXBuildFile section */

/* Begin PBXFileReference section */
		782C5BE78A00DB6C78EEAC69 /* Pods-RoverClient.release.xcconfig */ = {isa = PBXFileReference; includeInIndex = 1; lastKnownFileType = text.xcconfig; name = "Pods-RoverClient.release.xcconfig"; path = "Target Support Files/Pods-RoverClient/Pods-RoverClient.release.xcconfig"; sourceTree = "<group>"; };
		CBC337B545701922C21157D4 /* Pods-RoverClient.debug.xcconfig */ = {isa = PBXFileReference; includeInIndex = 1; lastKnownFileType = text.xcconfig; name = "Pods-RoverClient.debug.xcconfig"; path = "Target Support Files/Pods-RoverClient/Pods-RoverClient.debug.xcconfig"; sourceTree = "<group>"; };
		DB1B217722EBD8AF0027223D /* LoginVC.swift */ = {isa = PBXFileReference; lastKnownFileType = sourcecode.swift; path = LoginVC.swift; sourceTree = "<group>"; };
		DB1B218022EBDC030027223D /* DefaultButton.swift */ = {isa = PBXFileReference; lastKnownFileType = sourcecode.swift; path = DefaultButton.swift; sourceTree = "<group>"; };
		DB1B218222EBDF030027223D /* Constant.swift */ = {isa = PBXFileReference; lastKnownFileType = sourcecode.swift; path = Constant.swift; sourceTree = "<group>"; };
		DB1B218622EC688F0027223D /* Alert.swift */ = {isa = PBXFileReference; fileEncoding = 4; lastKnownFileType = sourcecode.swift; path = Alert.swift; sourceTree = "<group>"; };
		DB1B218C22EC68C60027223D /* AppExtension.swift */ = {isa = PBXFileReference; fileEncoding = 4; lastKnownFileType = sourcecode.swift; path = AppExtension.swift; sourceTree = "<group>"; };
		DB1B218D22EC68C60027223D /* ExUIColor.swift */ = {isa = PBXFileReference; fileEncoding = 4; lastKnownFileType = sourcecode.swift; path = ExUIColor.swift; sourceTree = "<group>"; };
		DB1B218E22EC68C60027223D /* ExUIImage.swift */ = {isa = PBXFileReference; fileEncoding = 4; lastKnownFileType = sourcecode.swift; path = ExUIImage.swift; sourceTree = "<group>"; };
		DB1B218F22EC68C60027223D /* ExUIViewController.swift */ = {isa = PBXFileReference; fileEncoding = 4; lastKnownFileType = sourcecode.swift; path = ExUIViewController.swift; sourceTree = "<group>"; };
		DB1B219422EC68F50027223D /* Helper.swift */ = {isa = PBXFileReference; fileEncoding = 4; lastKnownFileType = sourcecode.swift; path = Helper.swift; sourceTree = "<group>"; };
		DB1B219622EC93250027223D /* HeaderView.swift */ = {isa = PBXFileReference; lastKnownFileType = sourcecode.swift; path = HeaderView.swift; sourceTree = "<group>"; };
		DB1B219822ECA1E60027223D /* DeviceSize.swift */ = {isa = PBXFileReference; lastKnownFileType = sourcecode.swift; path = DeviceSize.swift; sourceTree = "<group>"; };
		DBC317FA22E9EC41000AAC8D /* RoverClient.app */ = {isa = PBXFileReference; explicitFileType = wrapper.application; includeInIndex = 0; path = RoverClient.app; sourceTree = BUILT_PRODUCTS_DIR; };
		DBC317FD22E9EC41000AAC8D /* AppDelegate.swift */ = {isa = PBXFileReference; lastKnownFileType = sourcecode.swift; path = AppDelegate.swift; sourceTree = "<group>"; };
		DBC317FF22E9EC41000AAC8D /* ShellVC.swift */ = {isa = PBXFileReference; lastKnownFileType = sourcecode.swift; path = ShellVC.swift; sourceTree = "<group>"; };
		DBC3180422E9EC42000AAC8D /* Assets.xcassets */ = {isa = PBXFileReference; lastKnownFileType = folder.assetcatalog; path = Assets.xcassets; sourceTree = "<group>"; };
		DBC3180722E9EC42000AAC8D /* Base */ = {isa = PBXFileReference; lastKnownFileType = file.storyboard; name = Base; path = Base.lproj/LaunchScreen.storyboard; sourceTree = "<group>"; };
		DBC3180922E9EC42000AAC8D /* Info.plist */ = {isa = PBXFileReference; lastKnownFileType = text.plist.xml; path = Info.plist; sourceTree = "<group>"; };
		EE44019A80912657DE2C4B5B /* Pods_RoverClient.framework */ = {isa = PBXFileReference; explicitFileType = wrapper.framework; includeInIndex = 0; path = Pods_RoverClient.framework; sourceTree = BUILT_PRODUCTS_DIR; };
/* End PBXFileReference section */

/* Begin PBXFrameworksBuildPhase section */
		DBC317F722E9EC41000AAC8D /* Frameworks */ = {
			isa = PBXFrameworksBuildPhase;
			buildActionMask = 2147483647;
			files = (
				0E21FB8ACDCF7BBDCE6C05D9 /* Pods_RoverClient.framework in Frameworks */,
			);
			runOnlyForDeploymentPostprocessing = 0;
		};
/* End PBXFrameworksBuildPhase section */

/* Begin PBXGroup section */
		C38FC746D4F886B9855FCB2C /* Pods */ = {
			isa = PBXGroup;
			children = (
				CBC337B545701922C21157D4 /* Pods-RoverClient.debug.xcconfig */,
				782C5BE78A00DB6C78EEAC69 /* Pods-RoverClient.release.xcconfig */,
			);
			path = Pods;
			sourceTree = "<group>";
		};
		DB03F76522EA064000510357 /* ShellVC */ = {
			isa = PBXGroup;
			children = (
				DBC317FF22E9EC41000AAC8D /* ShellVC.swift */,
			);
			path = ShellVC;
			sourceTree = "<group>";
		};
		DB03F76622EA069500510357 /* ViewControllers */ = {
			isa = PBXGroup;
			children = (
				DB1B217622EBD89C0027223D /* LoginView */,
				DB03F76522EA064000510357 /* ShellVC */,
			);
			path = ViewControllers;
			sourceTree = "<group>";
		};
		DB1B217622EBD89C0027223D /* LoginView */ = {
			isa = PBXGroup;
			children = (
				DB1B217722EBD8AF0027223D /* LoginVC.swift */,
			);
			path = LoginView;
			sourceTree = "<group>";
		};
		DB1B217F22EBDBF20027223D /* Common */ = {
			isa = PBXGroup;
			children = (
				DB1B218022EBDC030027223D /* DefaultButton.swift */,
				DB1B219622EC93250027223D /* HeaderView.swift */,
			);
			path = Common;
			sourceTree = "<group>";
		};
		DB1B218422EC68580027223D /* Helper */ = {
			isa = PBXGroup;
			children = (
				DB1B218B22EC689B0027223D /* Extension */,
				DB1B218622EC688F0027223D /* Alert.swift */,
				DB1B219422EC68F50027223D /* Helper.swift */,
				DB1B219822ECA1E60027223D /* DeviceSize.swift */,
			);
			path = Helper;
			sourceTree = "<group>";
		};
		DB1B218B22EC689B0027223D /* Extension */ = {
			isa = PBXGroup;
			children = (
				DB1B218C22EC68C60027223D /* AppExtension.swift */,
				DB1B218D22EC68C60027223D /* ExUIColor.swift */,
				DB1B218E22EC68C60027223D /* ExUIImage.swift */,
				DB1B218F22EC68C60027223D /* ExUIViewController.swift */,
			);
			path = Extension;
			sourceTree = "<group>";
		};
		DBC317F122E9EC41000AAC8D = {
			isa = PBXGroup;
			children = (
				DBC317FC22E9EC41000AAC8D /* RoverClient */,
				DBC317FB22E9EC41000AAC8D /* Products */,
				C38FC746D4F886B9855FCB2C /* Pods */,
				F4DA2EAE08BBA7EE3AB6CB35 /* Frameworks */,
			);
			sourceTree = "<group>";
		};
		DBC317FB22E9EC41000AAC8D /* Products */ = {
			isa = PBXGroup;
			children = (
				DBC317FA22E9EC41000AAC8D /* RoverClient.app */,
			);
			name = Products;
			sourceTree = "<group>";
		};
		DBC317FC22E9EC41000AAC8D /* RoverClient */ = {
			isa = PBXGroup;
			children = (
				DB1B218422EC68580027223D /* Helper */,
				DB1B217F22EBDBF20027223D /* Common */,
				DBC317FD22E9EC41000AAC8D /* AppDelegate.swift */,
				DB03F76622EA069500510357 /* ViewControllers */,
				DBC3180422E9EC42000AAC8D /* Assets.xcassets */,
				DBC3180622E9EC42000AAC8D /* LaunchScreen.storyboard */,
				DBC3180922E9EC42000AAC8D /* Info.plist */,
				DB1B218222EBDF030027223D /* Constant.swift */,
			);
			path = RoverClient;
			sourceTree = "<group>";
		};
		F4DA2EAE08BBA7EE3AB6CB35 /* Frameworks */ = {
			isa = PBXGroup;
			children = (
				EE44019A80912657DE2C4B5B /* Pods_RoverClient.framework */,
			);
			name = Frameworks;
			sourceTree = "<group>";
		};
/* End PBXGroup section */

/* Begin PBXNativeTarget section */
		DBC317F922E9EC41000AAC8D /* RoverClient */ = {
			isa = PBXNativeTarget;
			buildConfigurationList = DBC3180C22E9EC42000AAC8D /* Build configuration list for PBXNativeTarget "RoverClient" */;
			buildPhases = (
				78D9589763FAF251CEAB1191 /* [CP] Check Pods Manifest.lock */,
				DBC317F622E9EC41000AAC8D /* Sources */,
				DBC317F722E9EC41000AAC8D /* Frameworks */,
				DBC317F822E9EC41000AAC8D /* Resources */,
				118DCDF09701BC0972BC7F41 /* [CP] Embed Pods Frameworks */,
			);
			buildRules = (
			);
			dependencies = (
			);
			name = RoverClient;
			productName = RoverClient;
			productReference = DBC317FA22E9EC41000AAC8D /* RoverClient.app */;
			productType = "com.apple.product-type.application";
		};
/* End PBXNativeTarget section */

/* Begin PBXProject section */
		DBC317F222E9EC41000AAC8D /* Project object */ = {
			isa = PBXProject;
			attributes = {
				LastSwiftUpdateCheck = 1020;
				LastUpgradeCheck = 1020;
				ORGANIZATIONNAME = nakarin;
				TargetAttributes = {
					DBC317F922E9EC41000AAC8D = {
						CreatedOnToolsVersion = 10.2.1;
					};
				};
			};
			buildConfigurationList = DBC317F522E9EC41000AAC8D /* Build configuration list for PBXProject "RoverClient" */;
			compatibilityVersion = "Xcode 9.3";
			developmentRegion = en;
			hasScannedForEncodings = 0;
			knownRegions = (
				en,
				Base,
			);
			mainGroup = DBC317F122E9EC41000AAC8D;
			productRefGroup = DBC317FB22E9EC41000AAC8D /* Products */;
			projectDirPath = "";
			projectRoot = "";
			targets = (
				DBC317F922E9EC41000AAC8D /* RoverClient */,
			);
		};
/* End PBXProject section */

/* Begin PBXResourcesBuildPhase section */
		DBC317F822E9EC41000AAC8D /* Resources */ = {
			isa = PBXResourcesBuildPhase;
			buildActionMask = 2147483647;
			files = (
				DBC3180822E9EC42000AAC8D /* LaunchScreen.storyboard in Resources */,
				DBC3180522E9EC42000AAC8D /* Assets.xcassets in Resources */,
			);
			runOnlyForDeploymentPostprocessing = 0;
		};
/* End PBXResourcesBuildPhase section */

/* Begin PBXShellScriptBuildPhase section */
		118DCDF09701BC0972BC7F41 /* [CP] Embed Pods Frameworks */ = {
			isa = PBXShellScriptBuildPhase;
			buildActionMask = 2147483647;
			files = (
			);
			inputFileListPaths = (
				"${PODS_ROOT}/Target Support Files/Pods-RoverClient/Pods-RoverClient-frameworks-${CONFIGURATION}-input-files.xcfilelist",
			);
			name = "[CP] Embed Pods Frameworks";
			outputFileListPaths = (
				"${PODS_ROOT}/Target Support Files/Pods-RoverClient/Pods-RoverClient-frameworks-${CONFIGURATION}-output-files.xcfilelist",
			);
			runOnlyForDeploymentPostprocessing = 0;
			shellPath = /bin/sh;
			shellScript = "\"${PODS_ROOT}/Target Support Files/Pods-RoverClient/Pods-RoverClient-frameworks.sh\"\n";
			showEnvVarsInLog = 0;
		};
		78D9589763FAF251CEAB1191 /* [CP] Check Pods Manifest.lock */ = {
			isa = PBXShellScriptBuildPhase;
			buildActionMask = 2147483647;
			files = (
			);
			inputFileListPaths = (
			);
			inputPaths = (
				"${PODS_PODFILE_DIR_PATH}/Podfile.lock",
				"${PODS_ROOT}/Manifest.lock",
			);
			name = "[CP] Check Pods Manifest.lock";
			outputFileListPaths = (
			);
			outputPaths = (
				"$(DERIVED_FILE_DIR)/Pods-RoverClient-checkManifestLockResult.txt",
			);
			runOnlyForDeploymentPostprocessing = 0;
			shellPath = /bin/sh;
			shellScript = "diff \"${PODS_PODFILE_DIR_PATH}/Podfile.lock\" \"${PODS_ROOT}/Manifest.lock\" > /dev/null\nif [ $? != 0 ] ; then\n    # print error to STDERR\n    echo \"error: The sandbox is not in sync with the Podfile.lock. Run 'pod install' or update your CocoaPods installation.\" >&2\n    exit 1\nfi\n# This output is used by Xcode 'outputs' to avoid re-running this script phase.\necho \"SUCCESS\" > \"${SCRIPT_OUTPUT_FILE_0}\"\n";
			showEnvVarsInLog = 0;
		};
/* End PBXShellScriptBuildPhase section */

/* Begin PBXSourcesBuildPhase section */
		DBC317F622E9EC41000AAC8D /* Sources */ = {
			isa = PBXSourcesBuildPhase;
			buildActionMask = 2147483647;
			files = (
				DB1B218122EBDC030027223D /* DefaultButton.swift in Sources */,
				DB1B219122EC68C60027223D /* ExUIColor.swift in Sources */,
				DB1B219922ECA1E60027223D /* DeviceSize.swift in Sources */,
				DBC3180022E9EC41000AAC8D /* ShellVC.swift in Sources */,
				DB1B219322EC68C60027223D /* ExUIViewController.swift in Sources */,
				DB1B217822EBD8AF0027223D /* LoginVC.swift in Sources */,
				DB1B219222EC68C60027223D /* ExUIImage.swift in Sources */,
				DB1B219022EC68C60027223D /* AppExtension.swift in Sources */,
				DB1B219722EC93250027223D /* HeaderView.swift in Sources */,
				DBC317FE22E9EC41000AAC8D /* AppDelegate.swift in Sources */,
				DB1B218322EBDF030027223D /* Constant.swift in Sources */,
				DB1B218922EC688F0027223D /* Alert.swift in Sources */,
				DB1B219522EC68F50027223D /* Helper.swift in Sources */,
			);
			runOnlyForDeploymentPostprocessing = 0;
		};
/* End PBXSourcesBuildPhase section */

/* Begin PBXVariantGroup section */
		DBC3180622E9EC42000AAC8D /* LaunchScreen.storyboard */ = {
			isa = PBXVariantGroup;
			children = (
				DBC3180722E9EC42000AAC8D /* Base */,
			);
			name = LaunchScreen.storyboard;
			sourceTree = "<group>";
		};
/* End PBXVariantGroup section */

/* Begin XCBuildConfiguration section */
		DBC3180A22E9EC42000AAC8D /* Debug */ = {
			isa = XCBuildConfiguration;
			buildSettings = {
				ALWAYS_SEARCH_USER_PATHS = NO;
				CLANG_ANALYZER_NONNULL = YES;
				CLANG_ANALYZER_NUMBER_OBJECT_CONVERSION = YES_AGGRESSIVE;
				CLANG_CXX_LANGUAGE_STANDARD = "gnu++14";
				CLANG_CXX_LIBRARY = "libc++";
				CLANG_ENABLE_MODULES = YES;
				CLANG_ENABLE_OBJC_ARC = YES;
				CLANG_ENABLE_OBJC_WEAK = YES;
				CLANG_WARN_BLOCK_CAPTURE_AUTORELEASING = YES;
				CLANG_WARN_BOOL_CONVERSION = YES;
				CLANG_WARN_COMMA = YES;
				CLANG_WARN_CONSTANT_CONVERSION = YES;
				CLANG_WARN_DEPRECATED_OBJC_IMPLEMENTATIONS = YES;
				CLANG_WARN_DIRECT_OBJC_ISA_USAGE = YES_ERROR;
				CLANG_WARN_DOCUMENTATION_COMMENTS = YES;
				CLANG_WARN_EMPTY_BODY = YES;
				CLANG_WARN_ENUM_CONVERSION = YES;
				CLANG_WARN_INFINITE_RECURSION = YES;
				CLANG_WARN_INT_CONVERSION = YES;
				CLANG_WARN_NON_LITERAL_NULL_CONVERSION = YES;
				CLANG_WARN_OBJC_IMPLICIT_RETAIN_SELF = YES;
				CLANG_WARN_OBJC_LITERAL_CONVERSION = YES;
				CLANG_WARN_OBJC_ROOT_CLASS = YES_ERROR;
				CLANG_WARN_RANGE_LOOP_ANALYSIS = YES;
				CLANG_WARN_STRICT_PROTOTYPES = YES;
				CLANG_WARN_SUSPICIOUS_MOVE = YES;
				CLANG_WARN_UNGUARDED_AVAILABILITY = YES_AGGRESSIVE;
				CLANG_WARN_UNREACHABLE_CODE = YES;
				CLANG_WARN__DUPLICATE_METHOD_MATCH = YES;
				CODE_SIGN_IDENTITY = "iPhone Developer";
				COPY_PHASE_STRIP = NO;
				DEBUG_INFORMATION_FORMAT = dwarf;
				ENABLE_STRICT_OBJC_MSGSEND = YES;
				ENABLE_TESTABILITY = YES;
				GCC_C_LANGUAGE_STANDARD = gnu11;
				GCC_DYNAMIC_NO_PIC = NO;
				GCC_NO_COMMON_BLOCKS = YES;
				GCC_OPTIMIZATION_LEVEL = 0;
				GCC_PREPROCESSOR_DEFINITIONS = (
					"DEBUG=1",
					"$(inherited)",
				);
				GCC_WARN_64_TO_32_BIT_CONVERSION = YES;
				GCC_WARN_ABOUT_RETURN_TYPE = YES_ERROR;
				GCC_WARN_UNDECLARED_SELECTOR = YES;
				GCC_WARN_UNINITIALIZED_AUTOS = YES_AGGRESSIVE;
				GCC_WARN_UNUSED_FUNCTION = YES;
				GCC_WARN_UNUSED_VARIABLE = YES;
				IPHONEOS_DEPLOYMENT_TARGET = 12.2;
				MTL_ENABLE_DEBUG_INFO = INCLUDE_SOURCE;
				MTL_FAST_MATH = YES;
				ONLY_ACTIVE_ARCH = YES;
				SDKROOT = iphoneos;
				SWIFT_ACTIVE_COMPILATION_CONDITIONS = DEBUG;
				SWIFT_OPTIMIZATION_LEVEL = "-Onone";
			};
			name = Debug;
		};
		DBC3180B22E9EC42000AAC8D /* Release */ = {
			isa = XCBuildConfiguration;
			buildSettings = {
				ALWAYS_SEARCH_USER_PATHS = NO;
				CLANG_ANALYZER_NONNULL = YES;
				CLANG_ANALYZER_NUMBER_OBJECT_CONVERSION = YES_AGGRESSIVE;
				CLANG_CXX_LANGUAGE_STANDARD = "gnu++14";
				CLANG_CXX_LIBRARY = "libc++";
				CLANG_ENABLE_MODULES = YES;
				CLANG_ENABLE_OBJC_ARC = YES;
				CLANG_ENABLE_OBJC_WEAK = YES;
				CLANG_WARN_BLOCK_CAPTURE_AUTORELEASING = YES;
				CLANG_WARN_BOOL_CONVERSION = YES;
				CLANG_WARN_COMMA = YES;
				CLANG_WARN_CONSTANT_CONVERSION = YES;
				CLANG_WARN_DEPRECATED_OBJC_IMPLEMENTATIONS = YES;
				CLANG_WARN_DIRECT_OBJC_ISA_USAGE = YES_ERROR;
				CLANG_WARN_DOCUMENTATION_COMMENTS = YES;
				CLANG_WARN_EMPTY_BODY = YES;
				CLANG_WARN_ENUM_CONVERSION = YES;
				CLANG_WARN_INFINITE_RECURSION = YES;
				CLANG_WARN_INT_CONVERSION = YES;
				CLANG_WARN_NON_LITERAL_NULL_CONVERSION = YES;
				CLANG_WARN_OBJC_IMPLICIT_RETAIN_SELF = YES;
				CLANG_WARN_OBJC_LITERAL_CONVERSION = YES;
				CLANG_WARN_OBJC_ROOT_CLASS = YES_ERROR;
				CLANG_WARN_RANGE_LOOP_ANALYSIS = YES;
				CLANG_WARN_STRICT_PROTOTYPES = YES;
				CLANG_WARN_SUSPICIOUS_MOVE = YES;
				CLANG_WARN_UNGUARDED_AVAILABILITY = YES_AGGRESSIVE;
				CLANG_WARN_UNREACHABLE_CODE = YES;
				CLANG_WARN__DUPLICATE_METHOD_MATCH = YES;
				CODE_SIGN_IDENTITY = "iPhone Developer";
				COPY_PHASE_STRIP = NO;
				DEBUG_INFORMATION_FORMAT = "dwarf-with-dsym";
				ENABLE_NS_ASSERTIONS = NO;
				ENABLE_STRICT_OBJC_MSGSEND = YES;
				GCC_C_LANGUAGE_STANDARD = gnu11;
				GCC_NO_COMMON_BLOCKS = YES;
				GCC_WARN_64_TO_32_BIT_CONVERSION = YES;
				GCC_WARN_ABOUT_RETURN_TYPE = YES_ERROR;
				GCC_WARN_UNDECLARED_SELECTOR = YES;
				GCC_WARN_UNINITIALIZED_AUTOS = YES_AGGRESSIVE;
				GCC_WARN_UNUSED_FUNCTION = YES;
				GCC_WARN_UNUSED_VARIABLE = YES;
				IPHONEOS_DEPLOYMENT_TARGET = 12.2;
				MTL_ENABLE_DEBUG_INFO = NO;
				MTL_FAST_MATH = YES;
				SDKROOT = iphoneos;
				SWIFT_COMPILATION_MODE = wholemodule;
				SWIFT_OPTIMIZATION_LEVEL = "-O";
				VALIDATE_PRODUCT = YES;
			};
			name = Release;
		};
		DBC3180D22E9EC42000AAC8D /* Debug */ = {
			isa = XCBuildConfiguration;
			baseConfigurationReference = CBC337B545701922C21157D4 /* Pods-RoverClient.debug.xcconfig */;
			buildSettings = {
				ASSETCATALOG_COMPILER_APPICON_NAME = AppIcon;
				CODE_SIGN_STYLE = Automatic;
				DEVELOPMENT_TEAM = 922P3K9888;
				INFOPLIST_FILE = RoverClient/Info.plist;
				LD_RUNPATH_SEARCH_PATHS = (
					"$(inherited)",
					"@executable_path/Frameworks",
				);
				PRODUCT_BUNDLE_IDENTIFIER = nakarin.RoverClient;
				PRODUCT_NAME = "$(TARGET_NAME)";
				SWIFT_VERSION = 5.0;
				TARGETED_DEVICE_FAMILY = "1,2";
			};
			name = Debug;
		};
		DBC3180E22E9EC42000AAC8D /* Release */ = {
			isa = XCBuildConfiguration;
			baseConfigurationReference = 782C5BE78A00DB6C78EEAC69 /* Pods-RoverClient.release.xcconfig */;
			buildSettings = {
				ASSETCATALOG_COMPILER_APPICON_NAME = AppIcon;
				CODE_SIGN_STYLE = Automatic;
				DEVELOPMENT_TEAM = 922P3K9888;
				INFOPLIST_FILE = RoverClient/Info.plist;
				LD_RUNPATH_SEARCH_PATHS = (
					"$(inherited)",
					"@executable_path/Frameworks",
				);
				PRODUCT_BUNDLE_IDENTIFIER = nakarin.RoverClient;
				PRODUCT_NAME = "$(TARGET_NAME)";
				SWIFT_VERSION = 5.0;
				TARGETED_DEVICE_FAMILY = "1,2";
			};
			name = Release;
		};
/* End XCBuildConfiguration section */

/* Begin XCConfigurationList section */
		DBC317F522E9EC41000AAC8D /* Build configuration list for PBXProject "RoverClient" */ = {
			isa = XCConfigurationList;
			buildConfigurations = (
				DBC3180A22E9EC42000AAC8D /* Debug */,
				DBC3180B22E9EC42000AAC8D /* Release */,
			);
			defaultConfigurationIsVisible = 0;
			defaultConfigurationName = Release;
		};
		DBC3180C22E9EC42000AAC8D /* Build configuration list for PBXNativeTarget "RoverClient" */ = {
			isa = XCConfigurationList;
			buildConfigurations = (
				DBC3180D22E9EC42000AAC8D /* Debug */,
				DBC3180E22E9EC42000AAC8D /* Release */,
			);
			defaultConfigurationIsVisible = 0;
			defaultConfigurationName = Release;
		};
/* End XCConfigurationList section */
	};
	rootObject = DBC317F222E9EC41000AAC8D /* Project object */;
}
