PODS:
  - BRHJoyStickView (2.1.2)
  - Material (3.1.6):
    - Material/Core (= 3.1.6)
  - Material/Core (3.1.6):
    - Motion (~> 3.1.1)
  - Motion (3.1.1):
    - Motion/Core (= 3.1.1)
  - Motion/Core (3.1.1)
  - RxCocoa (5.0.0):
    - RxRelay (~> 5)
    - RxSwift (~> 5)
  - RxRelay (5.0.0):
    - RxSwift (~> 5)
  - RxSwift (5.0.0)
  - SnapKit (5.0.0)
  - SwiftSH (0.1.2):
    - SwiftSH/Libssh2 (= 0.1.2)
  - SwiftSH/Core (0.1.2)
  - SwiftSH/Libssh2 (0.1.2):
    - SwiftSH/Core
  - SwiftyUserDefaults (4.0.0)

DEPENDENCIES:
  - BRHJoyStickView
  - Material (~> 3.1.0)
  - RxCocoa (~> 5)
  - RxSwift (~> 5)
  - SnapKit (~> 5.0.0)
  - SwiftSH
  - SwiftyUserDefaults (~> 4.0)

SPEC REPOS:
  https://github.com/cocoapods/specs.git:
    - BRHJoyStickView
    - Material
    - Motion
    - RxCocoa
    - RxRelay
    - RxSwift
    - SnapKit
    - SwiftSH
    - SwiftyUserDefaults

SPEC CHECKSUMS:
  BRHJoyStickView: b332a149579ca5daa878b6bc2322c44bf47d411b
  Material: 9b30613deb1b79487eeede5e4f90cbff084311ea
  Motion: f115b33f36cc52472a25a965daa89b3859817de0
  RxCocoa: fcf32050ac00d801f34a7f71d5e8e7f23026dcd8
  RxRelay: 4f7409406a51a55cd88483f21ed898c234d60f18
  RxSwift: 8b0671caa829a763bbce7271095859121cbd895f
  SnapKit: fd22d10eb9aff484d79a8724eab922c1ddf89bcf
  SwiftSH: 5d3c95b23093106d18c527ce9c175a5733e3e86e
  SwiftyUserDefaults: 6a1951df1daa19337862b677dd9a4b9bd4c288cd

PODFILE CHECKSUM: a75f54ee3dbbc723410c173099b2530d9082cd00

COCOAPODS: 1.7.5
